// !$*UTF8*$!
{
	archiveVersion = 1;
	classes = {
	};
	objectVersion = 46;
	objects = {

/* Begin PBXBuildFile section */
		44166DBB1F5ABC1600677D2F /* StorageService.swift in Sources */ = {isa = PBXBuildFile; fileRef = 44166DBA1F5ABC1600677D2F /* StorageService.swift */; };
		44166DBD1F5AC03F00677D2F /* PostService.swift in Sources */ = {isa = PBXBuildFile; fileRef = 44166DBC1F5AC03F00677D2F /* PostService.swift */; };
		44166DBF1F5B0C8B00677D2F /* Post.swift in Sources */ = {isa = PBXBuildFile; fileRef = 44166DBE1F5B0C8B00677D2F /* Post.swift */; };
		44166DC11F5B186A00677D2F /* UIImage+Size.swift in Sources */ = {isa = PBXBuildFile; fileRef = 44166DC01F5B186A00677D2F /* UIImage+Size.swift */; };
		44166DC31F5B1D4900677D2F /* StorageReference+Post.swift in Sources */ = {isa = PBXBuildFile; fileRef = 44166DC21F5B1D4900677D2F /* StorageReference+Post.swift */; };
		44166DC71F5B47BD00677D2F /* Home.storyboard in Resources */ = {isa = PBXBuildFile; fileRef = 44166DC61F5B47BD00677D2F /* Home.storyboard */; };
		441724B41F548F4B009C2DB1 /* LaunchScreen.storyboard in Resources */ = {isa = PBXBuildFile; fileRef = 441724B21F548F4B009C2DB1 /* LaunchScreen.storyboard */; };
		441724B51F548F4B009C2DB1 /* Main.storyboard in Resources */ = {isa = PBXBuildFile; fileRef = 441724B31F548F4B009C2DB1 /* Main.storyboard */; };
		441724B81F548F5A009C2DB1 /* GoogleService-Info.plist in Resources */ = {isa = PBXBuildFile; fileRef = 441724B61F548F5A009C2DB1 /* GoogleService-Info.plist */; };
		44577F291F5733400099F4F5 /* CreateUsernameViewController.swift in Sources */ = {isa = PBXBuildFile; fileRef = 44577F281F5733400099F4F5 /* CreateUsernameViewController.swift */; };
		44577F2B1F5733510099F4F5 /* UserService.swift in Sources */ = {isa = PBXBuildFile; fileRef = 44577F2A1F5733510099F4F5 /* UserService.swift */; };
		44577F2D1F57336C0099F4F5 /* User.swift in Sources */ = {isa = PBXBuildFile; fileRef = 44577F2C1F57336C0099F4F5 /* User.swift */; };
		44577F2F1F575C110099F4F5 /* Constants.swift in Sources */ = {isa = PBXBuildFile; fileRef = 44577F2E1F575C110099F4F5 /* Constants.swift */; };
		44577F321F575F790099F4F5 /* Storyboard+Utility.swift in Sources */ = {isa = PBXBuildFile; fileRef = 44577F311F575F790099F4F5 /* Storyboard+Utility.swift */; };
		44577F341F5831120099F4F5 /* HomeViewController.swift in Sources */ = {isa = PBXBuildFile; fileRef = 44577F331F5831120099F4F5 /* HomeViewController.swift */; };
		44577F361F5831390099F4F5 /* FindFriendsViewController.swift in Sources */ = {isa = PBXBuildFile; fileRef = 44577F351F5831390099F4F5 /* FindFriendsViewController.swift */; };
		44577F381F58AFAE0099F4F5 /* MainTabBarController.swift in Sources */ = {isa = PBXBuildFile; fileRef = 44577F371F58AFAE0099F4F5 /* MainTabBarController.swift */; };
		44577F3B1F58D1D00099F4F5 /* MGPhotoHelper.swift in Sources */ = {isa = PBXBuildFile; fileRef = 44577F3A1F58D1D00099F4F5 /* MGPhotoHelper.swift */; };
		4491D6351F5382510016D80D /* AppDelegate.swift in Sources */ = {isa = PBXBuildFile; fileRef = 4491D6341F5382510016D80D /* AppDelegate.swift */; };
		4491D63C1F5382510016D80D /* Assets.xcassets in Resources */ = {isa = PBXBuildFile; fileRef = 4491D63B1F5382510016D80D /* Assets.xcassets */; };
		44FB69D41F557E38001FF0FC /* LoginViewController.swift in Sources */ = {isa = PBXBuildFile; fileRef = 44FB69D31F557E38001FF0FC /* LoginViewController.swift */; };
		44FB69D61F557E42001FF0FC /* Login.storyboard in Resources */ = {isa = PBXBuildFile; fileRef = 44FB69D51F557E42001FF0FC /* Login.storyboard */; };
		E66A887A2225DB81C3D6470C /* Pods_Makestagram.framework in Frameworks */ = {isa = PBXBuildFile; fileRef = 6C73C24EE077F5254854E64A /* Pods_Makestagram.framework */; };
/* End PBXBuildFile section */

/* Begin PBXFileReference section */
		44166DBA1F5ABC1600677D2F /* StorageService.swift */ = {isa = PBXFileReference; fileEncoding = 4; lastKnownFileType = sourcecode.swift; name = StorageService.swift; path = Services/StorageService.swift; sourceTree = "<group>"; };
		44166DBC1F5AC03F00677D2F /* PostService.swift */ = {isa = PBXFileReference; fileEncoding = 4; lastKnownFileType = sourcecode.swift; name = PostService.swift; path = Services/PostService.swift; sourceTree = "<group>"; };
		44166DBE1F5B0C8B00677D2F /* Post.swift */ = {isa = PBXFileReference; fileEncoding = 4; lastKnownFileType = sourcecode.swift; name = Post.swift; path = Models/Post.swift; sourceTree = "<group>"; };
		44166DC01F5B186A00677D2F /* UIImage+Size.swift */ = {isa = PBXFileReference; fileEncoding = 4; lastKnownFileType = sourcecode.swift; name = "UIImage+Size.swift"; path = "Extensions/UIImage+Size.swift"; sourceTree = "<group>"; };
		44166DC21F5B1D4900677D2F /* StorageReference+Post.swift */ = {isa = PBXFileReference; fileEncoding = 4; lastKnownFileType = sourcecode.swift; name = "StorageReference+Post.swift"; path = "Extensions/StorageReference+Post.swift"; sourceTree = "<group>"; };
		44166DC61F5B47BD00677D2F /* Home.storyboard */ = {isa = PBXFileReference; fileEncoding = 4; lastKnownFileType = file.storyboard; name = Home.storyboard; path = Storyboards/Home.storyboard; sourceTree = "<group>"; };
		441724B21F548F4B009C2DB1 /* LaunchScreen.storyboard */ = {isa = PBXFileReference; fileEncoding = 4; lastKnownFileType = file.storyboard; name = LaunchScreen.storyboard; path = Storyboards/LaunchScreen.storyboard; sourceTree = "<group>"; };
		441724B31F548F4B009C2DB1 /* Main.storyboard */ = {isa = PBXFileReference; fileEncoding = 4; lastKnownFileType = file.storyboard; name = Main.storyboard; path = Storyboards/Main.storyboard; sourceTree = "<group>"; };
		441724B61F548F5A009C2DB1 /* GoogleService-Info.plist */ = {isa = PBXFileReference; fileEncoding = 4; lastKnownFileType = text.plist.xml; name = "GoogleService-Info.plist"; path = "Supporting/GoogleService-Info.plist"; sourceTree = "<group>"; };
		441724B71F548F5A009C2DB1 /* Info.plist */ = {isa = PBXFileReference; fileEncoding = 4; lastKnownFileType = text.plist.xml; name = Info.plist; path = Supporting/Info.plist; sourceTree = "<group>"; };
		44577F281F5733400099F4F5 /* CreateUsernameViewController.swift */ = {isa = PBXFileReference; fileEncoding = 4; lastKnownFileType = sourcecode.swift; name = CreateUsernameViewController.swift; path = Controllers/CreateUsernameViewController.swift; sourceTree = "<group>"; };
		44577F2A1F5733510099F4F5 /* UserService.swift */ = {isa = PBXFileReference; fileEncoding = 4; lastKnownFileType = sourcecode.swift; name = UserService.swift; path = Services/UserService.swift; sourceTree = "<group>"; };
		44577F2C1F57336C0099F4F5 /* User.swift */ = {isa = PBXFileReference; fileEncoding = 4; lastKnownFileType = sourcecode.swift; name = User.swift; path = Models/User.swift; sourceTree = "<group>"; };
		44577F2E1F575C110099F4F5 /* Constants.swift */ = {isa = PBXFileReference; fileEncoding = 4; lastKnownFileType = sourcecode.swift; name = Constants.swift; path = Supporting/Constants.swift; sourceTree = "<group>"; };
		44577F311F575F790099F4F5 /* Storyboard+Utility.swift */ = {isa = PBXFileReference; fileEncoding = 4; lastKnownFileType = sourcecode.swift; name = "Storyboard+Utility.swift"; path = "Extensions/Storyboard+Utility.swift"; sourceTree = "<group>"; };
		44577F331F5831120099F4F5 /* HomeViewController.swift */ = {isa = PBXFileReference; fileEncoding = 4; lastKnownFileType = sourcecode.swift; name = HomeViewController.swift; path = Controllers/HomeViewController.swift; sourceTree = "<group>"; };
		44577F351F5831390099F4F5 /* FindFriendsViewController.swift */ = {isa = PBXFileReference; fileEncoding = 4; lastKnownFileType = sourcecode.swift; name = FindFriendsViewController.swift; path = Controllers/FindFriendsViewController.swift; sourceTree = "<group>"; };
		44577F371F58AFAE0099F4F5 /* MainTabBarController.swift */ = {isa = PBXFileReference; fileEncoding = 4; lastKnownFileType = sourcecode.swift; name = MainTabBarController.swift; path = Controllers/MainTabBarController.swift; sourceTree = "<group>"; };
		44577F3A1F58D1D00099F4F5 /* MGPhotoHelper.swift */ = {isa = PBXFileReference; fileEncoding = 4; lastKnownFileType = sourcecode.swift; name = MGPhotoHelper.swift; path = Helpers/MGPhotoHelper.swift; sourceTree = "<group>"; };
		4491D6311F5382510016D80D /* Makestagram.app */ = {isa = PBXFileReference; explicitFileType = wrapper.application; includeInIndex = 0; path = Makestagram.app; sourceTree = BUILT_PRODUCTS_DIR; };
		4491D6341F5382510016D80D /* AppDelegate.swift */ = {isa = PBXFileReference; lastKnownFileType = sourcecode.swift; path = AppDelegate.swift; sourceTree = "<group>"; };
		4491D63B1F5382510016D80D /* Assets.xcassets */ = {isa = PBXFileReference; lastKnownFileType = folder.assetcatalog; path = Assets.xcassets; sourceTree = "<group>"; };
		44FB69D31F557E38001FF0FC /* LoginViewController.swift */ = {isa = PBXFileReference; fileEncoding = 4; lastKnownFileType = sourcecode.swift; name = LoginViewController.swift; path = Controllers/LoginViewController.swift; sourceTree = "<group>"; };
		44FB69D51F557E42001FF0FC /* Login.storyboard */ = {isa = PBXFileReference; fileEncoding = 4; lastKnownFileType = file.storyboard; name = Login.storyboard; path = Storyboards/Login.storyboard; sourceTree = "<group>"; };
		5A0F00F87B46AFCAAC418944 /* Pods-Makestagram.release.xcconfig */ = {isa = PBXFileReference; includeInIndex = 1; lastKnownFileType = text.xcconfig; name = "Pods-Makestagram.release.xcconfig"; path = "Pods/Target Support Files/Pods-Makestagram/Pods-Makestagram.release.xcconfig"; sourceTree = "<group>"; };
		6C73C24EE077F5254854E64A /* Pods_Makestagram.framework */ = {isa = PBXFileReference; explicitFileType = wrapper.framework; includeInIndex = 0; path = Pods_Makestagram.framework; sourceTree = BUILT_PRODUCTS_DIR; };
		AE303BA66CB8868A1B45394F /* Pods-Makestagram.debug.xcconfig */ = {isa = PBXFileReference; includeInIndex = 1; lastKnownFileType = text.xcconfig; name = "Pods-Makestagram.debug.xcconfig"; path = "Pods/Target Support Files/Pods-Makestagram/Pods-Makestagram.debug.xcconfig"; sourceTree = "<group>"; };
/* End PBXFileReference section */

/* Begin PBXFrameworksBuildPhase section */
		4491D62E1F5382510016D80D /* Frameworks */ = {
			isa = PBXFrameworksBuildPhase;
			buildActionMask = 2147483647;
			files = (
				E66A887A2225DB81C3D6470C /* Pods_Makestagram.framework in Frameworks */,
			);
			runOnlyForDeploymentPostprocessing = 0;
		};
/* End PBXFrameworksBuildPhase section */

/* Begin PBXGroup section */
		16F7EE3A3019E9412E9B6483 /* Pods */ = {
			isa = PBXGroup;
			children = (
				AE303BA66CB8868A1B45394F /* Pods-Makestagram.debug.xcconfig */,
				5A0F00F87B46AFCAAC418944 /* Pods-Makestagram.release.xcconfig */,
			);
			name = Pods;
			sourceTree = "<group>";
		};
		441724BB1F54945D009C2DB1 /* Supporting */ = {
			isa = PBXGroup;
			children = (
				441724B61F548F5A009C2DB1 /* GoogleService-Info.plist */,
				441724B71F548F5A009C2DB1 /* Info.plist */,
				441724B21F548F4B009C2DB1 /* LaunchScreen.storyboard */,
				44577F2E1F575C110099F4F5 /* Constants.swift */,
			);
			name = Supporting;
			sourceTree = "<group>";
		};
		441724BC1F54947B009C2DB1 /* View Controllers */ = {
			isa = PBXGroup;
			children = (
				44577F281F5733400099F4F5 /* CreateUsernameViewController.swift */,
				44FB69D31F557E38001FF0FC /* LoginViewController.swift */,
				44577F331F5831120099F4F5 /* HomeViewController.swift */,
				44577F351F5831390099F4F5 /* FindFriendsViewController.swift */,
				44577F371F58AFAE0099F4F5 /* MainTabBarController.swift */,
			);
			name = "View Controllers";
			sourceTree = "<group>";
		};
		441724BD1F549491009C2DB1 /* Storyboards */ = {
			isa = PBXGroup;
			children = (
				441724B31F548F4B009C2DB1 /* Main.storyboard */,
				44FB69D51F557E42001FF0FC /* Login.storyboard */,
				44166DC61F5B47BD00677D2F /* Home.storyboard */,
			);
			name = Storyboards;
			sourceTree = "<group>";
		};
		44577F201F562F220099F4F5 /* Models */ = {
			isa = PBXGroup;
			children = (
				44577F2C1F57336C0099F4F5 /* User.swift */,
				44166DBE1F5B0C8B00677D2F /* Post.swift */,
			);
			name = Models;
			sourceTree = "<group>";
		};
		44577F251F57313C0099F4F5 /* Services */ = {
			isa = PBXGroup;
			children = (
				44577F2A1F5733510099F4F5 /* UserService.swift */,
				44166DBA1F5ABC1600677D2F /* StorageService.swift */,
				44166DBC1F5AC03F00677D2F /* PostService.swift */,
			);
			name = Services;
			sourceTree = "<group>";
		};
		44577F301F575F370099F4F5 /* Extensions */ = {
			isa = PBXGroup;
			children = (
				44577F311F575F790099F4F5 /* Storyboard+Utility.swift */,
				44166DC01F5B186A00677D2F /* UIImage+Size.swift */,
				44166DC21F5B1D4900677D2F /* StorageReference+Post.swift */,
			);
			name = Extensions;
			sourceTree = "<group>";
		};
		44577F391F58D16C0099F4F5 /* Helpers */ = {
			isa = PBXGroup;
			children = (
				44577F3A1F58D1D00099F4F5 /* MGPhotoHelper.swift */,
			);
			name = Helpers;
			sourceTree = "<group>";
		};
		4491D6281F5382510016D80D = {
			isa = PBXGroup;
			children = (
				4491D6331F5382510016D80D /* Makestagram */,
				4491D6321F5382510016D80D /* Products */,
				16F7EE3A3019E9412E9B6483 /* Pods */,
				BBBAB22856D97A64D542A705 /* Frameworks */,
			);
			sourceTree = "<group>";
		};
		4491D6321F5382510016D80D /* Products */ = {
			isa = PBXGroup;
			children = (
				4491D6311F5382510016D80D /* Makestagram.app */,
			);
			name = Products;
			sourceTree = "<group>";
		};
		4491D6331F5382510016D80D /* Makestagram */ = {
			isa = PBXGroup;
			children = (
				4491D6341F5382510016D80D /* AppDelegate.swift */,
				44577F391F58D16C0099F4F5 /* Helpers */,
				44577F301F575F370099F4F5 /* Extensions */,
				441724BC1F54947B009C2DB1 /* View Controllers */,
				44577F201F562F220099F4F5 /* Models */,
				44577F251F57313C0099F4F5 /* Services */,
				441724BD1F549491009C2DB1 /* Storyboards */,
				441724BB1F54945D009C2DB1 /* Supporting */,
				4491D63B1F5382510016D80D /* Assets.xcassets */,
			);
			path = Makestagram;
			sourceTree = "<group>";
		};
		BBBAB22856D97A64D542A705 /* Frameworks */ = {
			isa = PBXGroup;
			children = (
				6C73C24EE077F5254854E64A /* Pods_Makestagram.framework */,
			);
			name = Frameworks;
			sourceTree = "<group>";
		};
/* End PBXGroup section */

/* Begin PBXNativeTarget section */
		4491D6301F5382510016D80D /* Makestagram */ = {
			isa = PBXNativeTarget;
			buildConfigurationList = 4491D6431F5382510016D80D /* Build configuration list for PBXNativeTarget "Makestagram" */;
			buildPhases = (
				0B602913F3BC84FF350620A0 /* [CP] Check Pods Manifest.lock */,
				4491D62D1F5382510016D80D /* Sources */,
				4491D62E1F5382510016D80D /* Frameworks */,
				4491D62F1F5382510016D80D /* Resources */,
				CAD434112BD4E8D1A0798B91 /* [CP] Embed Pods Frameworks */,
				4F8074065D3CBE159F855943 /* [CP] Copy Pods Resources */,
			);
			buildRules = (
			);
			dependencies = (
			);
			name = Makestagram;
			productName = Makestagram;
			productReference = 4491D6311F5382510016D80D /* Makestagram.app */;
			productType = "com.apple.product-type.application";
		};
/* End PBXNativeTarget section */

/* Begin PBXProject section */
		4491D6291F5382510016D80D /* Project object */ = {
			isa = PBXProject;
			attributes = {
				LastSwiftUpdateCheck = 0830;
				LastUpgradeCheck = 0830;
				ORGANIZATIONNAME = "Mthabisi Ndlovu";
				TargetAttributes = {
					4491D6301F5382510016D80D = {
						CreatedOnToolsVersion = 8.3.3;
						DevelopmentTeam = KL6F7ZTYS8;
						ProvisioningStyle = Automatic;
					};
				};
			};
			buildConfigurationList = 4491D62C1F5382510016D80D /* Build configuration list for PBXProject "Makestagram" */;
			compatibilityVersion = "Xcode 3.2";
			developmentRegion = English;
			hasScannedForEncodings = 0;
			knownRegions = (
				en,
				Base,
			);
			mainGroup = 4491D6281F5382510016D80D;
			productRefGroup = 4491D6321F5382510016D80D /* Products */;
			projectDirPath = "";
			projectRoot = "";
			targets = (
				4491D6301F5382510016D80D /* Makestagram */,
			);
		};
/* End PBXProject section */

/* Begin PBXResourcesBuildPhase section */
		4491D62F1F5382510016D80D /* Resources */ = {
			isa = PBXResourcesBuildPhase;
			buildActionMask = 2147483647;
			files = (
				441724B51F548F4B009C2DB1 /* Main.storyboard in Resources */,
				441724B81F548F5A009C2DB1 /* GoogleService-Info.plist in Resources */,
				4491D63C1F5382510016D80D /* Assets.xcassets in Resources */,
				44166DC71F5B47BD00677D2F /* Home.storyboard in Resources */,
				44FB69D61F557E42001FF0FC /* Login.storyboard in Resources */,
				441724B41F548F4B009C2DB1 /* LaunchScreen.storyboard in Resources */,
			);
			runOnlyForDeploymentPostprocessing = 0;
		};
/* End PBXResourcesBuildPhase section */

/* Begin PBXShellScriptBuildPhase section */
		0B602913F3BC84FF350620A0 /* [CP] Check Pods Manifest.lock */ = {
			isa = PBXShellScriptBuildPhase;
			buildActionMask = 2147483647;
			files = (
			);
			inputPaths = (
				"${PODS_PODFILE_DIR_PATH}/Podfile.lock",
				"${PODS_ROOT}/Manifest.lock",
			);
			name = "[CP] Check Pods Manifest.lock";
			outputPaths = (
				"$(DERIVED_FILE_DIR)/Pods-Makestagram-checkManifestLockResult.txt",
			);
			runOnlyForDeploymentPostprocessing = 0;
			shellPath = /bin/sh;
			shellScript = "diff \"${PODS_PODFILE_DIR_PATH}/Podfile.lock\" \"${PODS_ROOT}/Manifest.lock\" > /dev/null\nif [ $? != 0 ] ; then\n    # print error to STDERR\n    echo \"error: The sandbox is not in sync with the Podfile.lock. Run 'pod install' or update your CocoaPods installation.\" >&2\n    exit 1\nfi\n# This output is used by Xcode 'outputs' to avoid re-running this script phase.\necho \"SUCCESS\" > \"${SCRIPT_OUTPUT_FILE_0}\"\n";
			showEnvVarsInLog = 0;
		};
		4F8074065D3CBE159F855943 /* [CP] Copy Pods Resources */ = {
			isa = PBXShellScriptBuildPhase;
			buildActionMask = 2147483647;
			files = (
			);
			inputPaths = (
				"${SRCROOT}/Pods/Target Support Files/Pods-Makestagram/Pods-Makestagram-resources.sh",
				$PODS_CONFIGURATION_BUILD_DIR/FirebaseUI/FirebaseAuthUI.bundle,
			);
			name = "[CP] Copy Pods Resources";
			outputPaths = (
				"${TARGET_BUILD_DIR}/${UNLOCALIZED_RESOURCES_FOLDER_PATH}",
			);
			runOnlyForDeploymentPostprocessing = 0;
			shellPath = /bin/sh;
			shellScript = "\"${SRCROOT}/Pods/Target Support Files/Pods-Makestagram/Pods-Makestagram-resources.sh\"\n";
			showEnvVarsInLog = 0;
		};
		CAD434112BD4E8D1A0798B91 /* [CP] Embed Pods Frameworks */ = {
			isa = PBXShellScriptBuildPhase;
			buildActionMask = 2147483647;
			files = (
			);
			inputPaths = (
				"${SRCROOT}/Pods/Target Support Files/Pods-Makestagram/Pods-Makestagram-frameworks.sh",
				"${BUILT_PRODUCTS_DIR}/GTMSessionFetcher/GTMSessionFetcher.framework",
				"${BUILT_PRODUCTS_DIR}/GoogleToolboxForMac/GoogleToolboxForMac.framework",
				"${BUILT_PRODUCTS_DIR}/leveldb-library/leveldb.framework",
				"${BUILT_PRODUCTS_DIR}/nanopb/nanopb.framework",
			);
			name = "[CP] Embed Pods Frameworks";
			outputPaths = (
				"${TARGET_BUILD_DIR}/${FRAMEWORKS_FOLDER_PATH}/GTMSessionFetcher.framework",
				"${TARGET_BUILD_DIR}/${FRAMEWORKS_FOLDER_PATH}/GoogleToolboxForMac.framework",
				"${TARGET_BUILD_DIR}/${FRAMEWORKS_FOLDER_PATH}/leveldb.framework",
				"${TARGET_BUILD_DIR}/${FRAMEWORKS_FOLDER_PATH}/nanopb.framework",
			);
			runOnlyForDeploymentPostprocessing = 0;
			shellPath = /bin/sh;
			shellScript = "\"${SRCROOT}/Pods/Target Support Files/Pods-Makestagram/Pods-Makestagram-frameworks.sh\"\n";
			showEnvVarsInLog = 0;
		};
/* End PBXShellScriptBuildPhase section */

/* Begin PBXSourcesBuildPhase section */
		4491D62D1F5382510016D80D /* Sources */ = {
			isa = PBXSourcesBuildPhase;
			buildActionMask = 2147483647;
			files = (
				44577F291F5733400099F4F5 /* CreateUsernameViewController.swift in Sources */,
				44166DBB1F5ABC1600677D2F /* StorageService.swift in Sources */,
				44577F2B1F5733510099F4F5 /* UserService.swift in Sources */,
				44577F381F58AFAE0099F4F5 /* MainTabBarController.swift in Sources */,
				44577F2D1F57336C0099F4F5 /* User.swift in Sources */,
				44166DBF1F5B0C8B00677D2F /* Post.swift in Sources */,
				44166DC11F5B186A00677D2F /* UIImage+Size.swift in Sources */,
				44577F341F5831120099F4F5 /* HomeViewController.swift in Sources */,
				44577F3B1F58D1D00099F4F5 /* MGPhotoHelper.swift in Sources */,
				44577F321F575F790099F4F5 /* Storyboard+Utility.swift in Sources */,
				44577F361F5831390099F4F5 /* FindFriendsViewController.swift in Sources */,
				44166DC31F5B1D4900677D2F /* StorageReference+Post.swift in Sources */,
				44FB69D41F557E38001FF0FC /* LoginViewController.swift in Sources */,
				44166DBD1F5AC03F00677D2F /* PostService.swift in Sources */,
				44577F2F1F575C110099F4F5 /* Constants.swift in Sources */,
				4491D6351F5382510016D80D /* AppDelegate.swift in Sources */,
			);
			runOnlyForDeploymentPostprocessing = 0;
		};
/* End PBXSourcesBuildPhase section */

/* Begin XCBuildConfiguration section */
		4491D6411F5382510016D80D /* Debug */ = {
			isa = XCBuildConfiguration;
			buildSettings = {
				ALWAYS_SEARCH_USER_PATHS = NO;
				CLANG_ANALYZER_NONNULL = YES;
				CLANG_ANALYZER_NUMBER_OBJECT_CONVERSION = YES_AGGRESSIVE;
				CLANG_CXX_LANGUAGE_STANDARD = "gnu++0x";
				CLANG_CXX_LIBRARY = "libc++";
				CLANG_ENABLE_MODULES = YES;
				CLANG_ENABLE_OBJC_ARC = YES;
				CLANG_WARN_BOOL_CONVERSION = YES;
				CLANG_WARN_CONSTANT_CONVERSION = YES;
				CLANG_WARN_DIRECT_OBJC_ISA_USAGE = YES_ERROR;
				CLANG_WARN_DOCUMENTATION_COMMENTS = YES;
				CLANG_WARN_EMPTY_BODY = YES;
				CLANG_WARN_ENUM_CONVERSION = YES;
				CLANG_WARN_INFINITE_RECURSION = YES;
				CLANG_WARN_INT_CONVERSION = YES;
				CLANG_WARN_OBJC_ROOT_CLASS = YES_ERROR;
				CLANG_WARN_SUSPICIOUS_MOVE = YES;
				CLANG_WARN_UNREACHABLE_CODE = YES;
				CLANG_WARN__DUPLICATE_METHOD_MATCH = YES;
				"CODE_SIGN_IDENTITY[sdk=iphoneos*]" = "iPhone Developer";
				COPY_PHASE_STRIP = NO;
				DEBUG_INFORMATION_FORMAT = dwarf;
				ENABLE_STRICT_OBJC_MSGSEND = YES;
				ENABLE_TESTABILITY = YES;
				GCC_C_LANGUAGE_STANDARD = gnu99;
				GCC_DYNAMIC_NO_PIC = NO;
				GCC_NO_COMMON_BLOCKS = YES;
				GCC_OPTIMIZATION_LEVEL = 0;
				GCC_PREPROCESSOR_DEFINITIONS = (
					"DEBUG=1",
					"$(inherited)",
				);
				GCC_WARN_64_TO_32_BIT_CONVERSION = YES;
				GCC_WARN_ABOUT_RETURN_TYPE = YES_ERROR;
				GCC_WARN_UNDECLARED_SELECTOR = YES;
				GCC_WARN_UNINITIALIZED_AUTOS = YES_AGGRESSIVE;
				GCC_WARN_UNUSED_FUNCTION = YES;
				GCC_WARN_UNUSED_VARIABLE = YES;
				IPHONEOS_DEPLOYMENT_TARGET = 10.3;
				MTL_ENABLE_DEBUG_INFO = YES;
				ONLY_ACTIVE_ARCH = YES;
				SDKROOT = iphoneos;
				SWIFT_ACTIVE_COMPILATION_CONDITIONS = DEBUG;
				SWIFT_OPTIMIZATION_LEVEL = "-Onone";
				TARGETED_DEVICE_FAMILY = "1,2";
			};
			name = Debug;
		};
		4491D6421F5382510016D80D /* Release */ = {
			isa = XCBuildConfiguration;
			buildSettings = {
				ALWAYS_SEARCH_USER_PATHS = NO;
				CLANG_ANALYZER_NONNULL = YES;
				CLANG_ANALYZER_NUMBER_OBJECT_CONVERSION = YES_AGGRESSIVE;
				CLANG_CXX_LANGUAGE_STANDARD = "gnu++0x";
				CLANG_CXX_LIBRARY = "libc++";
				CLANG_ENABLE_MODULES = YES;
				CLANG_ENABLE_OBJC_ARC = YES;
				CLANG_WARN_BOOL_CONVERSION = YES;
				CLANG_WARN_CONSTANT_CONVERSION = YES;
				CLANG_WARN_DIRECT_OBJC_ISA_USAGE = YES_ERROR;
				CLANG_WARN_DOCUMENTATION_COMMENTS = YES;
				CLANG_WARN_EMPTY_BODY = YES;
				CLANG_WARN_ENUM_CONVERSION = YES;
				CLANG_WARN_INFINITE_RECURSION = YES;
				CLANG_WARN_INT_CONVERSION = YES;
				CLANG_WARN_OBJC_ROOT_CLASS = YES_ERROR;
				CLANG_WARN_SUSPICIOUS_MOVE = YES;
				CLANG_WARN_UNREACHABLE_CODE = YES;
				CLANG_WARN__DUPLICATE_METHOD_MATCH = YES;
				"CODE_SIGN_IDENTITY[sdk=iphoneos*]" = "iPhone Developer";
				COPY_PHASE_STRIP = NO;
				DEBUG_INFORMATION_FORMAT = "dwarf-with-dsym";
				ENABLE_NS_ASSERTIONS = NO;
				ENABLE_STRICT_OBJC_MSGSEND = YES;
				GCC_C_LANGUAGE_STANDARD = gnu99;
				GCC_NO_COMMON_BLOCKS = YES;
				GCC_WARN_64_TO_32_BIT_CONVERSION = YES;
				GCC_WARN_ABOUT_RETURN_TYPE = YES_ERROR;
				GCC_WARN_UNDECLARED_SELECTOR = YES;
				GCC_WARN_UNINITIALIZED_AUTOS = YES_AGGRESSIVE;
				GCC_WARN_UNUSED_FUNCTION = YES;
				GCC_WARN_UNUSED_VARIABLE = YES;
				IPHONEOS_DEPLOYMENT_TARGET = 10.3;
				MTL_ENABLE_DEBUG_INFO = NO;
				SDKROOT = iphoneos;
				SWIFT_OPTIMIZATION_LEVEL = "-Owholemodule";
				TARGETED_DEVICE_FAMILY = "1,2";
				VALIDATE_PRODUCT = YES;
			};
			name = Release;
		};
		4491D6441F5382510016D80D /* Debug */ = {
			isa = XCBuildConfiguration;
			baseConfigurationReference = AE303BA66CB8868A1B45394F /* Pods-Makestagram.debug.xcconfig */;
			buildSettings = {
				ASSETCATALOG_COMPILER_APPICON_NAME = AppIcon;
				DEVELOPMENT_TEAM = KL6F7ZTYS8;
				INFOPLIST_FILE = "$(SRCROOT)/Makestagram/Supporting/Info.plist";
				IPHONEOS_DEPLOYMENT_TARGET = 9.0;
				LD_RUNPATH_SEARCH_PATHS = "$(inherited) @executable_path/Frameworks";
				PRODUCT_BUNDLE_IDENTIFIER = com.mthabisindlovu.Makestagram;
				PRODUCT_NAME = "$(TARGET_NAME)";
				SWIFT_VERSION = 3.0;
			};
			name = Debug;
		};
		4491D6451F5382510016D80D /* Release */ = {
			isa = XCBuildConfiguration;
			baseConfigurationReference = 5A0F00F87B46AFCAAC418944 /* Pods-Makestagram.release.xcconfig */;
			buildSettings = {
				ASSETCATALOG_COMPILER_APPICON_NAME = AppIcon;
				DEVELOPMENT_TEAM = KL6F7ZTYS8;
				INFOPLIST_FILE = "$(SRCROOT)/Makestagram/Supporting/Info.plist";
				IPHONEOS_DEPLOYMENT_TARGET = 9.0;
				LD_RUNPATH_SEARCH_PATHS = "$(inherited) @executable_path/Frameworks";
				PRODUCT_BUNDLE_IDENTIFIER = com.mthabisindlovu.Makestagram;
				PRODUCT_NAME = "$(TARGET_NAME)";
				SWIFT_VERSION = 3.0;
			};
			name = Release;
		};
/* End XCBuildConfiguration section */

/* Begin XCConfigurationList section */
		4491D62C1F5382510016D80D /* Build configuration list for PBXProject "Makestagram" */ = {
			isa = XCConfigurationList;
			buildConfigurations = (
				4491D6411F5382510016D80D /* Debug */,
				4491D6421F5382510016D80D /* Release */,
			);
			defaultConfigurationIsVisible = 0;
			defaultConfigurationName = Release;
		};
		4491D6431F5382510016D80D /* Build configuration list for PBXNativeTarget "Makestagram" */ = {
			isa = XCConfigurationList;
			buildConfigurations = (
				4491D6441F5382510016D80D /* Debug */,
				4491D6451F5382510016D80D /* Release */,
			);
			defaultConfigurationIsVisible = 0;
			defaultConfigurationName = Release;
		};
/* End XCConfigurationList section */
	};
	rootObject = 4491D6291F5382510016D80D /* Project object */;
}
